{
  "requires": true,
  "lockfileVersion": 1,
  "dependencies": {
    "ngx-bootstrap": {
      "version": "5.1.1",
      "resolved": "https://registry.npmjs.org/ngx-bootstrap/-/ngx-bootstrap-5.1.1.tgz",
      "integrity": "sha512-++6+YHbIWTR/3sHH9C0aelIP25KMKhylWSEet6HonZfVr8quzEUjq6xEzTnDbZpnxlly2j58Gg0O9DWXu0UCxA=="
    }
  }
}
